// !$*UTF8*$!
{
	archiveVersion = 1;
	objectVersion = 56;
	classes = {};
	objects = {

/* Begin PBXBuildFile section */
		0000000000000000000003E8 /* ApiClient.swift in Sources */ = {isa = PBXBuildFile; fileRef = 000000000000000000000000 /* ApiClient.swift */; };
		0000000000000000000003E9 /* Biometric.swift in Sources */ = {isa = PBXBuildFile; fileRef = 000000000000000000000001 /* Biometric.swift */; };
		0000000000000000000003EB /* Connection.swift in Sources */ = {isa = PBXBuildFile; fileRef = 000000000000000000000003 /* Connection.swift */; };
		0000000000000000000003EE /* MachinesScreen.swift in Sources */ = {isa = PBXBuildFile; fileRef = 000000000000000000000006 /* MachinesScreen.swift */; };
		0000000000000000000003F1 /* OvhConsoleApp.swift in Sources */ = {isa = PBXBuildFile; fileRef = 000000000000000000000009 /* OvhConsoleApp.swift */; };
		0000000000000000000003F2 /* PairingScreen.swift in Sources */ = {isa = PBXBuildFile; fileRef = 00000000000000000000000A /* PairingScreen.swift */; };
		0000000000000000000003F4 /* ServerDetailView.swift in Sources */ = {isa = PBXBuildFile; fileRef = 00000000000000000000000C /* ServerDetailView.swift */; };
		0000000000000000000003F5 /* Theme.swift in Sources */ = {isa = PBXBuildFile; fileRef = 00000000000000000000000D /* Theme.swift */; };
		0000000000000000000003F6 /* VpsDetailView.swift in Sources */ = {isa = PBXBuildFile; fileRef = 00000000000000000000000E /* VpsDetailView.swift */; };
		0000000000000000000003F8 /* DashboardScreen.swift in Sources */ = {isa = PBXBuildFile; fileRef = 000000000000000000000010 /* DashboardScreen.swift */; };
		0000000000000000000003F9 /* ServerSheets.swift in Sources */ = {isa = PBXBuildFile; fileRef = 000000000000000000000011 /* ServerSheets.swift */; };
		0000000000000000000003FA /* ServerSheets2.swift in Sources */ = {isa = PBXBuildFile; fileRef = 000000000000000000000012 /* ServerSheets2.swift */; };
		0000000000000000000003FB /* SnipeScreen.swift in Sources */ = {isa = PBXBuildFile; fileRef = 000000000000000000000013 /* SnipeScreen.swift */; };
		0000000000000000000003FC /* RadarScreen.swift in Sources */ = {isa = PBXBuildFile; fileRef = 000000000000000000000014 /* RadarScreen.swift */; };
		0000000000000000000003FD /* SettingsScreen.swift in Sources */ = {isa = PBXBuildFile; fileRef = 000000000000000000000015 /* SettingsScreen.swift */; };
/* End PBXBuildFile section */

/* Begin PBXFileReference section */
		000000000000000000000000 /* ApiClient.swift */ = {isa = PBXFileReference; lastKnownFileType = sourcecode.swift; path = ApiClient.swift; sourceTree = "<group>"; };
		000000000000000000000001 /* Biometric.swift */ = {isa = PBXFileReference; lastKnownFileType = sourcecode.swift; path = Biometric.swift; sourceTree = "<group>"; };
		000000000000000000000003 /* Connection.swift */ = {isa = PBXFileReference; lastKnownFileType = sourcecode.swift; path = Connection.swift; sourceTree = "<group>"; };
		000000000000000000000006 /* MachinesScreen.swift */ = {isa = PBXFileReference; lastKnownFileType = sourcecode.swift; path = MachinesScreen.swift; sourceTree = "<group>"; };
		000000000000000000000009 /* OvhConsoleApp.swift */ = {isa = PBXFileReference; lastKnownFileType = sourcecode.swift; path = OvhConsoleApp.swift; sourceTree = "<group>"; };
		00000000000000000000000A /* PairingScreen.swift */ = {isa = PBXFileReference; lastKnownFileType = sourcecode.swift; path = PairingScreen.swift; sourceTree = "<group>"; };
		00000000000000000000000C /* ServerDetailView.swift */ = {isa = PBXFileReference; lastKnownFileType = sourcecode.swift; path = ServerDetailView.swift; sourceTree = "<group>"; };
		00000000000000000000000D /* Theme.swift */ = {isa = PBXFileReference; lastKnownFileType = sourcecode.swift; path = Theme.swift; sourceTree = "<group>"; };
		00000000000000000000000E /* VpsDetailView.swift */ = {isa = PBXFileReference; lastKnownFileType = sourcecode.swift; path = VpsDetailView.swift; sourceTree = "<group>"; };
		000000000000000000000010 /* DashboardScreen.swift */ = {isa = PBXFileReference; lastKnownFileType = sourcecode.swift; path = DashboardScreen.swift; sourceTree = "<group>"; };
		000000000000000000000011 /* ServerSheets.swift */ = {isa = PBXFileReference; lastKnownFileType = sourcecode.swift; path = ServerSheets.swift; sourceTree = "<group>"; };
		000000000000000000000012 /* ServerSheets2.swift */ = {isa = PBXFileReference; lastKnownFileType = sourcecode.swift; path = ServerSheets2.swift; sourceTree = "<group>"; };
		000000000000000000000013 /* SnipeScreen.swift */ = {isa = PBXFileReference; lastKnownFileType = sourcecode.swift; path = SnipeScreen.swift; sourceTree = "<group>"; };
		000000000000000000000014 /* RadarScreen.swift */ = {isa = PBXFileReference; lastKnownFileType = sourcecode.swift; path = RadarScreen.swift; sourceTree = "<group>"; };
		000000000000000000000015 /* SettingsScreen.swift */ = {isa = PBXFileReference; lastKnownFileType = sourcecode.swift; path = SettingsScreen.swift; sourceTree = "<group>"; };
		AA000000000000000000000F /* Info.plist */ = {isa = PBXFileReference; lastKnownFileType = text.plist.xml; path = Info.plist; sourceTree = "<group>"; };
		AA000000000000000000ENT /* OvhConsole.entitlements */ = {isa = PBXFileReference; lastKnownFileType = text.plist.entitlements; path = OvhConsole.entitlements; sourceTree = "<group>"; };
		AA000000000000000000000A /* Assets.xcassets */ = {isa = PBXFileReference; lastKnownFileType = folder.assetcatalog; path = Assets.xcassets; sourceTree = "<group>"; };
		AA00000000000000000000PR /* OvhConsole.app */ = {isa = PBXFileReference; explicitFileType = wrapper.application; includeInIndex = 0; path = OvhConsole.app; sourceTree = BUILT_PRODUCTS_DIR; };
/* End PBXFileReference section */

/* Begin PBXGroup section */
		AA00000000000000000000RO /* Root */ = {
			isa = PBXGroup;
			children = (
				AA00000000000000000000SO /* Sources */,
				AA00000000000000000000RE /* Resources */,
				AA00000000000000000000PX /* Products */,
			);
			sourceTree = "<group>";
		};
		AA00000000000000000000PX /* Products */ = {
			isa = PBXGroup;
			children = (
				AA00000000000000000000PR /* OvhConsole.app */,
			);
			name = Products;
			sourceTree = "<group>";
		};
		AA00000000000000000000SO /* Sources */ = {
			isa = PBXGroup;
			children = (
				000000000000000000000000 /* ApiClient.swift */,
				000000000000000000000001 /* Biometric.swift */,
				000000000000000000000003 /* Connection.swift */,
				000000000000000000000010 /* DashboardScreen.swift */,
				000000000000000000000006 /* MachinesScreen.swift */,
				000000000000000000000009 /* OvhConsoleApp.swift */,
				00000000000000000000000A /* PairingScreen.swift */,
				000000000000000000000014 /* RadarScreen.swift */,
				000000000000000000000011 /* ServerSheets.swift */,
				000000000000000000000012 /* ServerSheets2.swift */,
				00000000000000000000000C /* ServerDetailView.swift */,
				000000000000000000000013 /* SnipeScreen.swift */,
				00000000000000000000000D /* Theme.swift */,
				00000000000000000000000E /* VpsDetailView.swift */,
				000000000000000000000015 /* SettingsScreen.swift */,
			);
			path = Sources;
			sourceTree = "<group>";
		};
		AA00000000000000000000RE /* Resources */ = {
			isa = PBXGroup;
			children = (
				AA000000000000000000000A /* Assets.xcassets */,
				AA000000000000000000000F /* Info.plist */,
				AA000000000000000000ENT /* OvhConsole.entitlements */,
			);
			path = Resources;
			sourceTree = "<group>";
		};
/* End PBXGroup section */

/* Begin PBXResourcesBuildPhase section */
		AA00000000000000000000R1 /* Resources */ = {
			isa = PBXResourcesBuildPhase;
			buildActionMask = 2147483647;
			files = (
				AA00000000000000000000RA /* Assets.xcassets in Resources */,
			);
			runOnlyForDeploymentPostprocessing = 0;
		};
/* End PBXResourcesBuildPhase section */

/* Begin PBXSourcesBuildPhase section */
		AA00000000000000000000S1 /* Sources */ = {
			isa = PBXSourcesBuildPhase;
			buildActionMask = 2147483647;
			files = (
				0000000000000000000003E8 /* ApiClient.swift in Sources */,
				0000000000000000000003E9 /* Biometric.swift in Sources */,
				0000000000000000000003EB /* Connection.swift in Sources */,
				0000000000000000000003EE /* MachinesScreen.swift in Sources */,
				0000000000000000000003F1 /* OvhConsoleApp.swift in Sources */,
				0000000000000000000003F2 /* PairingScreen.swift in Sources */,
				0000000000000000000003F4 /* ServerDetailView.swift in Sources */,
				0000000000000000000003F5 /* Theme.swift in Sources */,
				0000000000000000000003F6 /* VpsDetailView.swift in Sources */,
				0000000000000000000003F8 /* DashboardScreen.swift in Sources */,
				0000000000000000000003F9 /* ServerSheets.swift in Sources */,
				0000000000000000000003FA /* ServerSheets2.swift in Sources */,
				0000000000000000000003FB /* SnipeScreen.swift in Sources */,
				0000000000000000000003FC /* RadarScreen.swift in Sources */,
				0000000000000000000003FD /* SettingsScreen.swift in Sources */,
			);
			runOnlyForDeploymentPostprocessing = 0;
		};
/* End PBXSourcesBuildPhase section */

/* Begin PBXFrameworksBuildPhase section */
		AA00000000000000000000FW /* Frameworks */ = {
			isa = PBXFrameworksBuildPhase;
			buildActionMask = 2147483647;
			files = ();
			runOnlyForDeploymentPostprocessing = 0;
		};
/* End PBXFrameworksBuildPhase section */

		AA00000000000000000000RA /* Assets.xcassets in Resources */ = {isa = PBXBuildFile; fileRef = AA000000000000000000000A /* Assets.xcassets */; };

/* Begin PBXNativeTarget section */
		AA00000000000000000000TG /* OvhConsole */ = {
			isa = PBXNativeTarget;
			buildConfigurationList = AA00000000000000000000CL /* Build configuration list for PBXNativeTarget "OvhConsole" */;
			buildPhases = (
				AA00000000000000000000S1 /* Sources */,
				AA00000000000000000000FW /* Frameworks */,
				AA00000000000000000000R1 /* Resources */,
			);
			buildRules = ();
			dependencies = ();
			name = OvhConsole;
			productName = OvhConsole;
			productReference = AA00000000000000000000PR /* OvhConsole.app */;
			productType = "com.apple.product-type.application";
		};
/* End PBXNativeTarget section */

/* Begin PBXProject section */
		AA00000000000000000000PJ /* Project object */ = {
			isa = PBXProject;
			attributes = { BuildIndependentTargetsInParallel = 1; };
			buildConfigurationList = AA0000000000000000000PCL /* Build configuration list for PBXProject "OvhConsole" */;
			developmentRegion = zh_CN;
			hasScannedForEncodings = 0;
			knownRegions = (en, Base, zh_CN);
			mainGroup = AA00000000000000000000RO;
			productRefGroup = AA00000000000000000000PX /* Products */;
			projectDirPath = "";
			projectRoot = "";
			targets = (AA00000000000000000000TG /* OvhConsole */);
		};
/* End PBXProject section */

/* Begin XCBuildConfiguration section */
		AA0000000000000000000D01 /* Debug */ = {
			isa = XCBuildConfiguration;
			buildSettings = {
				ALWAYS_SEARCH_USER_PATHS = NO;
				CLANG_ENABLE_MODULES = YES;
				COPY_PHASE_STRIP = NO;
				DEBUG_INFORMATION_FORMAT = dwarf;
				ENABLE_TESTABILITY = YES;
				IPHONEOS_DEPLOYMENT_TARGET = 17.0;
				MTL_ENABLE_DEBUG_INFO = INCLUDE_SOURCE;
				ONLY_ACTIVE_ARCH = YES;
				SDKROOT = iphoneos;
				SWIFT_ACTIVE_COMPILATION_CONDITIONS = DEBUG;
				SWIFT_OPTIMIZATION_LEVEL = "-Onone";
			};
			name = Debug;
		};
		AA0000000000000000000R01 /* Release */ = {
			isa = XCBuildConfiguration;
			buildSettings = {
				ALWAYS_SEARCH_USER_PATHS = NO;
				COPY_PHASE_STRIP = YES;
				DEBUG_INFORMATION_FORMAT = "dwarf-with-dsym";
				ENABLE_NS_ASSERTIONS = NO;
				IPHONEOS_DEPLOYMENT_TARGET = 17.0;
				SDKROOT = iphoneos;
				SWIFT_COMPILATION_MODE = wholemodule;
				SWIFT_OPTIMIZATION_LEVEL = "-O";
				VALIDATE_PRODUCT = YES;
			};
			name = Release;
		};
		AA0000000000000000000D02 /* Debug */ = {
			isa = XCBuildConfiguration;
			buildSettings = {
				ASSETCATALOG_COMPILER_APPICON_NAME = AppIcon;
				CODE_SIGN_STYLE = Automatic;
				CURRENT_PROJECT_VERSION = 1;
				GENERATE_INFOPLIST_FILE = NO;
				INFOPLIST_FILE = Resources/Info.plist;
				CODE_SIGN_ENTITLEMENTS = Resources/OvhConsole.entitlements;
				LD_RUNPATH_SEARCH_PATHS = "$(inherited) @executable_path/Frameworks";
				MARKETING_VERSION = 0.1.0;
				PRODUCT_BUNDLE_IDENTIFIER = com.gokele.ovhconsole;
				PRODUCT_NAME = "$(TARGET_NAME)";
				SUPPORTED_PLATFORMS = "iphoneos iphonesimulator";
				SWIFT_EMIT_LOC_STRINGS = NO;
				SWIFT_VERSION = 5.9;
				TARGETED_DEVICE_FAMILY = 1;
				INFOPLIST_KEY_NSAppTransportSecurity_NSAllowsArbitraryLoads = YES;
			};
			name = Debug;
		};
		AA0000000000000000000R02 /* Release */ = {
			isa = XCBuildConfiguration;
			buildSettings = {
				ASSETCATALOG_COMPILER_APPICON_NAME = AppIcon;
				CODE_SIGN_STYLE = Automatic;
				CURRENT_PROJECT_VERSION = 1;
				GENERATE_INFOPLIST_FILE = NO;
				INFOPLIST_FILE = Resources/Info.plist;
				CODE_SIGN_ENTITLEMENTS = Resources/OvhConsole.entitlements;
				LD_RUNPATH_SEARCH_PATHS = "$(inherited) @executable_path/Frameworks";
				MARKETING_VERSION = 0.1.0;
				PRODUCT_BUNDLE_IDENTIFIER = com.gokele.ovhconsole;
				PRODUCT_NAME = "$(TARGET_NAME)";
				SUPPORTED_PLATFORMS = "iphoneos iphonesimulator";
				SWIFT_EMIT_LOC_STRINGS = NO;
				SWIFT_VERSION = 5.9;
				TARGETED_DEVICE_FAMILY = 1;
				INFOPLIST_KEY_NSAppTransportSecurity_NSAllowsArbitraryLoads = YES;
			};
			name = Release;
		};
/* End XCBuildConfiguration section */

/* Begin XCConfigurationList section */
		AA0000000000000000000PCL /* Build configuration list for PBXProject "OvhConsole" */ = {
			isa = XCConfigurationList;
			buildConfigurations = (
				AA0000000000000000000D01 /* Debug */,
				AA0000000000000000000R01 /* Release */,
			);
			defaultConfigurationIsVisible = 0;
			defaultConfigurationName = Release;
		};
		AA00000000000000000000CL /* Build configuration list for PBXNativeTarget "OvhConsole" */ = {
			isa = XCConfigurationList;
			buildConfigurations = (
				AA0000000000000000000D02 /* Debug */,
				AA0000000000000000000R02 /* Release */,
			);
			defaultConfigurationIsVisible = 0;
			defaultConfigurationName = Release;
		};
/* End XCConfigurationList section */
	};
	rootObject = AA00000000000000000000PJ /* Project object */;
}
